github.com/dimfeld/httptreemux v5.0.1+incompatible h1:Qj3gVcDNoOthBAqftuD596rm4wg/adLLz5xh5CmpiCA=
github.com/dimfeld/httptreemux v5.0.1+incompatible/go.mod h1:rbUlSV+CCpv/SuqUTP/8Bk2O3LyUV436/yaRGkhP6Z0=
github.com/dimfeld/httptreemux/v5 v5.3.0 h1:YPlS5UHDwed7EMnc2MfUP0mGvJqr3JYbfrC4pGgV8iw=
github.com/dimfeld/httptreemux/v5 v5.3.0/go.mod h1:QeEylH57C0v3VO0tkKraVz9oD3Uu93CKPnTLbsidvSw=
